{
  "name": "botique",
  "lockfileVersion": 3,
  "requires": true,
  "packages": {
    "": {
      "dependencies": {
        "@mui/icons-material": "^7.1.1",
        "@paypal/react-paypal-js": "^8.8.3"
      }
    },
    "node_modules/@babel/runtime": {
      "version": "7.27.6",
      "resolved": "https://registry.npmjs.org/@babel/runtime/-/runtime-7.27.6.tgz",
      "integrity": "sha512-vbavdySgbTTrmFE+EsiqUTzlOr5bzlnJtUv9PynGCAKvfQqjIXbvFdumPM/GxMDfyuGMJaJAU6TO4zc1Jf1i8Q==",
      "license": "MIT",
      "engines": {
        "node": ">=6.9.0"
      }
    },
    "node_modules/@mui/icons-material": {
      "version": "7.1.1",
      "resolved": "https://registry.npmjs.org/@mui/icons-material/-/icons-material-7.1.1.tgz",
      "integrity": "sha512-X37+Yc8QpEnl0sYmz+WcLFy2dWgNRzbswDzLPXG7QU1XDVlP5TPp1HXjdmCupOWLL/I9m1fyhcyZl8/HPpp/Cg==",
      "license": "MIT",
      "dependencies": {
        "@babel/runtime": "^7.27.1"
      },
      "engines": {
        "node": ">=14.0.0"
      },
      "funding": {
        "type": "opencollective",
        "url": "https://opencollective.com/mui-org"
      },
      "peerDependencies": {
        "@mui/material": "^7.1.1",
        "@types/react": "^17.0.0 || ^18.0.0 || ^19.0.0",
        "react": "^17.0.0 || ^18.0.0 || ^19.0.0"
      },
      "peerDependenciesMeta": {
        "@types/react": {
          "optional": true
        }
      }
    },
    "node_modules/@paypal/paypal-js": {
      "version": "8.2.0",
      "resolved": "https://registry.npmjs.org/@paypal/paypal-js/-/paypal-js-8.2.0.tgz",
      "integrity": "sha512-hLg5wNORW3WiyMiRNJOm6cN2IqjPlClpxd971bEdm0LNpbbejQZYtesb0/0arTnySSbGcxg7MxjkZ/N5Z5qBNQ==",
      "license": "Apache-2.0",
      "dependencies": {
        "promise-polyfill": "^8.3.0"
      }
    },
    "node_modules/@paypal/react-paypal-js": {
      "version": "8.8.3",
      "resolved": "https://registry.npmjs.org/@paypal/react-paypal-js/-/react-paypal-js-8.8.3.tgz",
      "integrity": "sha512-H5s3EU7S+RFaLad3BmV9nSAmD3iaJI14mCtbngpqMm4ruMNGHjOTaSTX3jAAk/ghmzGAda2GMfyiYondO4F21Q==",
      "license": "Apache-2.0",
      "dependencies": {
        "@paypal/paypal-js": "^8.1.2",
        "@paypal/sdk-constants": "^1.0.122"
      },
      "peerDependencies": {
        "react": "^16.8.0 || ^17 || ^18 || ^19",
        "react-dom": "^16.8.0 || ^17 || ^18 || ^19"
      }
    },
    "node_modules/@paypal/sdk-constants": {
      "version": "1.0.154",
      "resolved": "https://registry.npmjs.org/@paypal/sdk-constants/-/sdk-constants-1.0.154.tgz",
      "integrity": "sha512-Bd5gzP23s/lbj2VZYVpwu+aOE9ZWa6O3DmKSlWe9ymnpI5S8UIppllh3bxqsGH39mOtO7ZzCKsiqbqot+yYeIw==",
      "license": "Apache-2.0",
      "dependencies": {
        "hi-base32": "^0.5.0"
      }
    },
    "node_modules/hi-base32": {
      "version": "0.5.1",
      "resolved": "https://registry.npmjs.org/hi-base32/-/hi-base32-0.5.1.tgz",
      "integrity": "sha512-EmBBpvdYh/4XxsnUybsPag6VikPYnN30td+vQk+GI3qpahVEG9+gTkG0aXVxTjBqQ5T6ijbWIu77O+C5WFWsnA==",
      "license": "MIT"
    },
    "node_modules/promise-polyfill": {
      "version": "8.3.0",
      "resolved": "https://registry.npmjs.org/promise-polyfill/-/promise-polyfill-8.3.0.tgz",
      "integrity": "sha512-H5oELycFml5yto/atYqmjyigJoAo3+OXwolYiH7OfQuYlAqhxNvTfiNMbV9hsC6Yp83yE5r2KTVmtrG6R9i6Pg==",
      "license": "MIT"
    }
  }
}
